Microsoft Visual Studio Solution File, Format Version 12.00
# Visual Studio Version 16
VisualStudioVersion = 16.0.29209.62
MinimumVisualStudioVersion = 10.0.40219.1
Project("{8BC9CEB8-8B4A-11D0-8D11-00A0C91BC942}") = "WarZoneExt", "WarZoneExt.vcxproj", "{WZ001E8A-2026-0924-ABCD-0WZ00E800001}"
EndProject
Global
	GlobalSection(SolutionConfigurationPlatforms) = preSolution
		Debug|x86 = Debug|x86
		DevBuild|x86 = DevBuild|x86
		Release|x86 = Release|x86
	EndGlobalSection
	GlobalSection(ProjectConfigurationPlatforms) = postSolution
		{WZ001E8A-2026-0924-ABCD-0WZ00E800001}.Debug|x86.ActiveCfg = Debug|Win32
		{WZ001E8A-2026-0924-ABCD-0WZ00E800001}.Debug|x86.Build.0 = Debug|Win32
		{WZ001E8A-2026-0924-ABCD-0WZ00E800001}.DevBuild|x86.ActiveCfg = DevBuild|Win32
		{WZ001E8A-2026-0924-ABCD-0WZ00E800001}.DevBuild|x86.Build.0 = DevBuild|Win32
		{WZ001E8A-2026-0924-ABCD-0WZ00E800001}.Release|x86.ActiveCfg = Release|Win32
		{WZ001E8A-2026-0924-ABCD-0WZ00E800001}.Release|x86.Build.0 = Release|Win32
	EndGlobalSection
	GlobalSection(SolutionProperties) = preSolution
		HideSolutionNode = FALSE
	EndGlobalSection
EndGlobal
